
Microsoft Visual Studio Solution File, Format Version 12.00
# Visual Studio Version 16
VisualStudioVersion = 16.0.33027.164
MinimumVisualStudioVersion = 10.0.40219.1
Project("{FAE04EC0-301F-11D3-BF4B-00C04F79EFBC}") = "CarRentalManagement.Server", "Server\CarRentalManagement.Server.csproj", "{3AD4DAC6-DC58-4369-858C-9EAE48055681}"
EndProject
Project("{FAE04EC0-301F-11D3-BF4B-00C04F79EFBC}") = "CarRentalManagement.Client", "Client\CarRentalManagement.Client.csproj", "{576DE082-806C-40B9-8CB8-5B8840513AE6}"
EndProject
Project("{FAE04EC0-301F-11D3-BF4B-00C04F79EFBC}") = "CarRentalManagement.Shared", "Shared\CarRentalManagement.Shared.csproj", "{3590E56E-FB68-4F7D-A793-CB62D7C19D25}"
EndProject
Global
	GlobalSection(SolutionConfigurationPlatforms) = preSolution
		Debug|Any CPU = Debug|Any CPU
		Release|Any CPU = Release|Any CPU
	EndGlobalSection
	GlobalSection(ProjectConfigurationPlatforms) = postSolution
		{3AD4DAC6-DC58-4369-858C-9EAE48055681}.Debug|Any CPU.ActiveCfg = Debug|Any CPU
		{3AD4DAC6-DC58-4369-858C-9EAE48055681}.Debug|Any CPU.Build.0 = Debug|Any CPU
		{3AD4DAC6-DC58-4369-858C-9EAE48055681}.Release|Any CPU.ActiveCfg = Release|Any CPU
		{3AD4DAC6-DC58-4369-858C-9EAE48055681}.Release|Any CPU.Build.0 = Release|Any CPU
		{576DE082-806C-40B9-8CB8-5B8840513AE6}.Debug|Any CPU.ActiveCfg = Debug|Any CPU
		{576DE082-806C-40B9-8CB8-5B8840513AE6}.Debug|Any CPU.Build.0 = Debug|Any CPU
		{576DE082-806C-40B9-8CB8-5B8840513AE6}.Release|Any CPU.ActiveCfg = Release|Any CPU
		{576DE082-806C-40B9-8CB8-5B8840513AE6}.Release|Any CPU.Build.0 = Release|Any CPU
		{3590E56E-FB68-4F7D-A793-CB62D7C19D25}.Debug|Any CPU.ActiveCfg = Debug|Any CPU
		{3590E56E-FB68-4F7D-A793-CB62D7C19D25}.Debug|Any CPU.Build.0 = Debug|Any CPU
		{3590E56E-FB68-4F7D-A793-CB62D7C19D25}.Release|Any CPU.ActiveCfg = Release|Any CPU
		{3590E56E-FB68-4F7D-A793-CB62D7C19D25}.Release|Any CPU.Build.0 = Release|Any CPU
	EndGlobalSection
	GlobalSection(SolutionProperties) = preSolution
		HideSolutionNode = FALSE
	EndGlobalSection
	GlobalSection(ExtensibilityGlobals) = postSolution
		SolutionGuid = {A220B982-AD74-4232-854F-18F7DA0BFF0D}
	EndGlobalSection
EndGlobal
